{
  "name": "autocomplete-latex-cite",
  "version": "0.3.2",
  "lockfileVersion": 1,
  "requires": true,
  "dependencies": {
    "@citation-js/core": {
      "version": "0.4.0",
      "resolved": "https://registry.npmjs.org/@citation-js/core/-/core-0.4.0.tgz",
      "integrity": "sha512-R9eP2FChWsOF855CsGPDoeF2lHmxSWY3RGUqsG189IGyrkCPEXJaDsuDuAkHc8WNJF5trMdqEGI4tiJvNSj7Lw==",
      "requires": {
        "@citation-js/date": "^0.4.3",
        "@citation-js/name": "^0.4.2",
        "isomorphic-fetch": "^2.2.1",
        "sync-request": "^5.0.0"
      }
    },
    "@citation-js/date": {
      "version": "0.4.3",
      "resolved": "https://registry.npmjs.org/@citation-js/date/-/date-0.4.3.tgz",
      "integrity": "sha512-ZBKIYdeYFDrUjlmKL/lYRJXTWYpfUJ1bLY6DC3LS+9owoS2w8mUPEDRAYZB1G44pjxeLJ9X4FQZtJWR9YfxCOw=="
    },
    "@citation-js/name": {
      "version": "0.4.2",
      "resolved": "https://registry.npmjs.org/@citation-js/name/-/name-0.4.2.tgz",
      "integrity": "sha512-brSPsjs2fOVzSnARLKu0qncn6suWjHVQtrqSUrnqyaRH95r/Ad4wPF5EsoWr+Dx8HzkCGb/ogmoAzfCsqlTwTQ=="
    },
    "@citation-js/plugin-bibjson": {
      "version": "0.4.0",
      "resolved": "https://registry.npmjs.org/@citation-js/plugin-bibjson/-/plugin-bibjson-0.4.0.tgz",
      "integrity": "sha512-JQ8NQRst0BqnYa2ufvTjvjIdS37OoQi7rjaVAVKm+I1a2unnnumfANvGr/ArcKWWiEyMrcqDmK9hNZ7w4fqJHQ==",
      "requires": {
        "@citation-js/date": "^0.4.3",
        "@citation-js/name": "^0.4.2"
      }
    },
    "@citation-js/plugin-bibtex": {
      "version": "0.4.0",
      "resolved": "https://registry.npmjs.org/@citation-js/plugin-bibtex/-/plugin-bibtex-0.4.0.tgz",
      "integrity": "sha512-+R4+aeBCsj/axIINg1rR0+GDkbfP5cOOJMr6f5HSQpOZtutryFu9sJ5/u7JuWhglOITAR9840+/i89QAv92FHQ==",
      "requires": {
        "@citation-js/date": "^0.4.3",
        "@citation-js/name": "^0.4.2"
      }
    },
    "@citation-js/plugin-csl": {
      "version": "0.4.0",
      "resolved": "https://registry.npmjs.org/@citation-js/plugin-csl/-/plugin-csl-0.4.0.tgz",
      "integrity": "sha512-w0U0eVs7adfJRislIA8EPl2fHbk3adsjGkq0NqpPDXlBErlt3gQrzP7fNyslRRKBpMWib4Li41v/V9cg/G8VqA==",
      "requires": {
        "citeproc": "^2.1.220"
      }
    },
    "@citation-js/plugin-doi": {
      "version": "0.4.0",
      "resolved": "https://registry.npmjs.org/@citation-js/plugin-doi/-/plugin-doi-0.4.0.tgz",
      "integrity": "sha512-6gKqZGWHFrtRPhd0gWz6zDPskR9iKdnTt/qDOEtwEhKL9N4lirV96iS+JL0bqeL4aCeBKCGOxGKrtwCj4xS5qA=="
    },
    "@citation-js/plugin-ris": {
      "version": "0.4.0",
      "resolved": "https://registry.npmjs.org/@citation-js/plugin-ris/-/plugin-ris-0.4.0.tgz",
      "integrity": "sha512-Az7ryXxKsX294LtnCzk1cDDAr8qw3FYTcuVtyNy3Aw7A0Rc7H4Bpl5ImefwSfh1HxN1tXME4qqsIN0pHSU4/TQ==",
      "requires": {
        "@citation-js/date": "^0.4.3",
        "@citation-js/name": "^0.4.2"
      }
    },
    "@citation-js/plugin-wikidata": {
      "version": "0.4.0",
      "resolved": "https://registry.npmjs.org/@citation-js/plugin-wikidata/-/plugin-wikidata-0.4.0.tgz",
      "integrity": "sha512-2eXMp35g8pQFkh3l6zD09TxRcfTjzR7+HqjHztx3sIQBlu/U6WHJeb7h/vyxA+Ci1XY3DKoaxtafe8wun2Dtnw==",
      "requires": {
        "@citation-js/date": "^0.4.3",
        "@citation-js/name": "^0.4.2",
        "wikidata-sdk": "^6.0.0"
      }
    },
    "@types/concat-stream": {
      "version": "1.6.0",
      "resolved": "https://registry.npmjs.org/@types/concat-stream/-/concat-stream-1.6.0.tgz",
      "integrity": "sha1-OU2+C7X+5Gs42JZzXoto7yOQ0A0=",
      "requires": {
        "@types/node": "*"
      }
    },
    "@types/form-data": {
      "version": "0.0.33",
      "resolved": "https://registry.npmjs.org/@types/form-data/-/form-data-0.0.33.tgz",
      "integrity": "sha1-yayFsqX9GENbjIXZ7LUObWyJP/g=",
      "requires": {
        "@types/node": "*"
      }
    },
    "@types/node": {
      "version": "10.14.4",
      "resolved": "https://registry.npmjs.org/@types/node/-/node-10.14.4.tgz",
      "integrity": "sha512-DT25xX/YgyPKiHFOpNuANIQIVvYEwCWXgK2jYYwqgaMrYE6+tq+DtmMwlD3drl6DJbUwtlIDnn0d7tIn/EbXBg=="
    },
    "@types/qs": {
      "version": "6.5.3",
      "resolved": "https://registry.npmjs.org/@types/qs/-/qs-6.5.3.tgz",
      "integrity": "sha512-Jugo5V/1bS0fRhy2z8+cUAHEyWOATaz4rbyLVvcFs7+dXp5HfwpEwzF1Q11bB10ApUqHf+yTauxI0UXQDwGrbA=="
    },
    "asap": {
      "version": "2.0.6",
      "resolved": "https://registry.npmjs.org/asap/-/asap-2.0.6.tgz",
      "integrity": "sha1-5QNHYR1+aQlDIIu9r+vLwvuGbUY="
    },
    "asynckit": {
      "version": "0.4.0",
      "resolved": "https://registry.npmjs.org/asynckit/-/asynckit-0.4.0.tgz",
      "integrity": "sha1-x57Zf380y48robyXkLzDZkdLS3k="
    },
    "balanced-match": {
      "version": "1.0.0",
      "resolved": "https://registry.npmjs.org/balanced-match/-/balanced-match-1.0.0.tgz",
      "integrity": "sha1-ibTRmasr7kneFk6gK4nORi1xt2c="
    },
    "brace-expansion": {
      "version": "1.1.8",
      "resolved": "https://registry.npmjs.org/brace-expansion/-/brace-expansion-1.1.8.tgz",
      "integrity": "sha1-wHshHHyVLsH479Uad+8NHTmQopI=",
      "requires": {
        "balanced-match": "1.0.0",
        "concat-map": "0.0.1"
      }
    },
    "buffer-from": {
      "version": "1.1.1",
      "resolved": "https://registry.npmjs.org/buffer-from/-/buffer-from-1.1.1.tgz",
      "integrity": "sha512-MQcXEUbCKtEo7bhqEs6560Hyd4XaovZlO/k9V3hjVUF/zwW7KBVdSK4gIt/bzwS9MbR5qob+F5jusZsb0YQK2A=="
    },
    "caseless": {
      "version": "0.12.0",
      "resolved": "https://registry.npmjs.org/caseless/-/caseless-0.12.0.tgz",
      "integrity": "sha1-G2gcIf+EAzyCZUMJBolCDRhxUdw="
    },
    "citation-js": {
      "version": "0.4.0",
      "resolved": "https://registry.npmjs.org/citation-js/-/citation-js-0.4.0.tgz",
      "integrity": "sha512-AOwbwlgLfdvKLMHBNk6eyFVs4nVO5RbJcD2X7W3wS8Utw86z45DqYFBS94hAdVAaMEpDlcpoO8UhyEkD0o6yIw==",
      "requires": {
        "@citation-js/cli": "^0.4.0",
        "@citation-js/core": "^0.4.0",
        "@citation-js/date": "^0.4.3",
        "@citation-js/name": "^0.4.2",
        "@citation-js/plugin-bibjson": "^0.4.0",
        "@citation-js/plugin-bibtex": "^0.4.0",
        "@citation-js/plugin-csl": "^0.4.0",
        "@citation-js/plugin-doi": "^0.4.0",
        "@citation-js/plugin-ris": "^0.4.0",
        "@citation-js/plugin-wikidata": "^0.4.0",
        "citeproc": "^2.1.236"
      },
      "dependencies": {
        "@citation-js/cli": {
          "version": "0.4.0",
          "resolved": "https://registry.npmjs.org/@citation-js/cli/-/cli-0.4.0.tgz",
          "integrity": "sha512-SXmJ4Xv3mU2ia3dRcYLowa+qbf9d8taj79F+1y/F2+uYQS3QoEP6FSf90bAVfUywVsdi/+d3FW7zv9caXDKyAw==",
          "requires": {
            "@citation-js/core": "^0.4.0",
            "@citation-js/plugin-bibjson": "^0.4.0",
            "@citation-js/plugin-bibtex": "^0.4.0",
            "@citation-js/plugin-csl": "^0.4.0",
            "@citation-js/plugin-doi": "^0.4.0",
            "@citation-js/plugin-ris": "^0.4.0",
            "@citation-js/plugin-wikidata": "^0.4.0",
            "commander": "^2.17.1"
          }
        }
      }
    },
    "citeproc": {
      "version": "2.1.236",
      "resolved": "https://registry.npmjs.org/citeproc/-/citeproc-2.1.236.tgz",
      "integrity": "sha512-i/a6fL/bsIGJCTaRd8a1bc6hQZfvZsbWX4wIGQSeo/WU0cKD949FJ3zNW/7qu+HMFGl+vBQ9ZIvhaNCeRi9kQw=="
    },
    "combined-stream": {
      "version": "1.0.7",
      "resolved": "https://registry.npmjs.org/combined-stream/-/combined-stream-1.0.7.tgz",
      "integrity": "sha512-brWl9y6vOB1xYPZcpZde3N9zDByXTosAeMDo4p1wzo6UMOX4vumB+TP1RZ76sfE6Md68Q0NJSrE/gbezd4Ul+w==",
      "requires": {
        "delayed-stream": "~1.0.0"
      }
    },
    "commander": {
      "version": "2.20.0",
      "resolved": "https://registry.npmjs.org/commander/-/commander-2.20.0.tgz",
      "integrity": "sha512-7j2y+40w61zy6YC2iRNpUe/NwhNyoXrYpHMrSunaMG64nRnaf96zO/KMQR4OyN/UnE5KLyEBnKHd4aG3rskjpQ=="
    },
    "concat-map": {
      "version": "0.0.1",
      "resolved": "https://registry.npmjs.org/concat-map/-/concat-map-0.0.1.tgz",
      "integrity": "sha1-2Klr13/Wjfd5OnMDajug1UBdR3s="
    },
    "concat-stream": {
      "version": "1.6.2",
      "resolved": "https://registry.npmjs.org/concat-stream/-/concat-stream-1.6.2.tgz",
      "integrity": "sha512-27HBghJxjiZtIk3Ycvn/4kbJk/1uZuJFfuPEns6LaEvpvG1f0hTea8lilrouyo9mVc2GWdcEZ8OLoGmSADlrCw==",
      "requires": {
        "buffer-from": "^1.0.0",
        "inherits": "^2.0.3",
        "readable-stream": "^2.2.2",
        "typedarray": "^0.0.6"
      }
    },
    "core-util-is": {
      "version": "1.0.2",
      "resolved": "https://registry.npmjs.org/core-util-is/-/core-util-is-1.0.2.tgz",
      "integrity": "sha1-tf1UIgqivFq1eqtxQMlAdUUDwac="
    },
    "delayed-stream": {
      "version": "1.0.0",
      "resolved": "https://registry.npmjs.org/delayed-stream/-/delayed-stream-1.0.0.tgz",
      "integrity": "sha1-3zrhmayt+31ECqrgsp4icrJOxhk="
    },
    "encoding": {
      "version": "0.1.12",
      "resolved": "https://registry.npmjs.org/encoding/-/encoding-0.1.12.tgz",
      "integrity": "sha1-U4tm8+5izRq1HsMjgp0flIDHS+s=",
      "requires": {
        "iconv-lite": "~0.4.13"
      }
    },
    "form-data": {
      "version": "2.3.3",
      "resolved": "https://registry.npmjs.org/form-data/-/form-data-2.3.3.tgz",
      "integrity": "sha512-1lLKB2Mu3aGP1Q/2eCOx0fNbRMe7XdwktwOruhfqqd0rIJWwN4Dh+E3hrPSlDCXnSR7UtZ1N38rVXm+6+MEhJQ==",
      "requires": {
        "asynckit": "^0.4.0",
        "combined-stream": "^1.0.6",
        "mime-types": "^2.1.12"
      }
    },
    "fs-extra": {
      "version": "6.0.0",
      "resolved": "https://registry.npmjs.org/fs-extra/-/fs-extra-6.0.0.tgz",
      "integrity": "sha512-lk2cUCo8QzbiEWEbt7Cw3m27WMiRG321xsssbcIpfMhpRjrlC08WBOVQqj1/nQYYNnPtyIhP1oqLO3QwT2tPCw==",
      "dev": true,
      "requires": {
        "graceful-fs": "4.1.11",
        "jsonfile": "4.0.0",
        "universalify": "0.1.1"
      }
    },
    "fs.realpath": {
      "version": "1.0.0",
      "resolved": "https://registry.npmjs.org/fs.realpath/-/fs.realpath-1.0.0.tgz",
      "integrity": "sha1-FQStJSMVjKpA20onh8sBQRmU6k8="
    },
    "fuse.js": {
      "version": "3.2.0",
      "resolved": "https://registry.npmjs.org/fuse.js/-/fuse.js-3.2.0.tgz",
      "integrity": "sha1-8ESOgGmFW/Kj5oPNwdMg5+KgfvQ="
    },
    "get-port": {
      "version": "3.2.0",
      "resolved": "https://registry.npmjs.org/get-port/-/get-port-3.2.0.tgz",
      "integrity": "sha1-3Xzn3hh8Bsi/NTeWrHHgmfCYDrw="
    },
    "glob": {
      "version": "7.1.2",
      "resolved": "https://registry.npmjs.org/glob/-/glob-7.1.2.tgz",
      "integrity": "sha1-wZyd+aAocC1nhhI4SmVSQExjbRU=",
      "requires": {
        "fs.realpath": "1.0.0",
        "inflight": "1.0.6",
        "inherits": "2.0.3",
        "minimatch": "3.0.4",
        "once": "1.4.0",
        "path-is-absolute": "1.0.1"
      }
    },
    "graceful-fs": {
      "version": "4.1.11",
      "resolved": "https://registry.npmjs.org/graceful-fs/-/graceful-fs-4.1.11.tgz",
      "integrity": "sha1-Dovf5NHduIVNZOBOp8AOKgJuVlg=",
      "dev": true
    },
    "http-basic": {
      "version": "6.0.0",
      "resolved": "https://registry.npmjs.org/http-basic/-/http-basic-6.0.0.tgz",
      "integrity": "sha512-7ScbVjuiReYe8S+OZOpNjoKGXrbhJHIrQQe7eq1TpLTJkxH8MPKvnTUzq/TNLjww1hdFQy8yUIC42wuLhCjYcQ==",
      "requires": {
        "@types/concat-stream": "^1.6.0",
        "@types/node": "^7.0.31",
        "caseless": "~0.12.0",
        "concat-stream": "^1.4.6",
        "http-response-object": "^3.0.1",
        "parse-cache-control": "^1.0.1"
      },
      "dependencies": {
        "@types/node": {
          "version": "7.10.5",
          "resolved": "https://registry.npmjs.org/@types/node/-/node-7.10.5.tgz",
          "integrity": "sha512-RYkagUUbxQBss46ElbEa+j4q4X3GR12QwB7a/PM5hmVuVkYoW1jENT1+taspKUv8ibwW8cw+kRFbOaTc/Key3w=="
        }
      }
    },
    "http-response-object": {
      "version": "3.0.2",
      "resolved": "https://registry.npmjs.org/http-response-object/-/http-response-object-3.0.2.tgz",
      "integrity": "sha512-bqX0XTF6fnXSQcEJ2Iuyr75yVakyjIDCqroJQ/aHfSdlM743Cwqoi2nDYMzLGWUcuTWGWy8AAvOKXTfiv6q9RA==",
      "requires": {
        "@types/node": "^10.0.3"
      }
    },
    "iconv-lite": {
      "version": "0.4.24",
      "resolved": "https://registry.npmjs.org/iconv-lite/-/iconv-lite-0.4.24.tgz",
      "integrity": "sha512-v3MXnZAcvnywkTUEZomIActle7RXXeedOR31wwl7VlyoXO4Qi9arvSenNQWne1TcRwhCL1HwLI21bEqdpj8/rA==",
      "requires": {
        "safer-buffer": ">= 2.1.2 < 3"
      }
    },
    "inflight": {
      "version": "1.0.6",
      "resolved": "https://registry.npmjs.org/inflight/-/inflight-1.0.6.tgz",
      "integrity": "sha1-Sb1jMdfQLQwJvJEKEHW6gWW1bfk=",
      "requires": {
        "once": "1.4.0",
        "wrappy": "1.0.2"
      }
    },
    "inherits": {
      "version": "2.0.3",
      "resolved": "https://registry.npmjs.org/inherits/-/inherits-2.0.3.tgz",
      "integrity": "sha1-Yzwsg+PaQqUC9SRmAiSA9CCCYd4="
    },
    "is-stream": {
      "version": "1.1.0",
      "resolved": "https://registry.npmjs.org/is-stream/-/is-stream-1.1.0.tgz",
      "integrity": "sha1-EtSj3U5o4Lec6428hBc66A2RykQ="
    },
    "isarray": {
      "version": "1.0.0",
      "resolved": "https://registry.npmjs.org/isarray/-/isarray-1.0.0.tgz",
      "integrity": "sha1-u5NdSFgsuhaMBoNJV6VKPgcSTxE="
    },
    "isomorphic-fetch": {
      "version": "2.2.1",
      "resolved": "https://registry.npmjs.org/isomorphic-fetch/-/isomorphic-fetch-2.2.1.tgz",
      "integrity": "sha1-YRrhrPFPXoH3KVB0coGf6XM1WKk=",
      "requires": {
        "node-fetch": "^1.0.1",
        "whatwg-fetch": ">=0.10.0"
      }
    },
    "jsonfile": {
      "version": "4.0.0",
      "resolved": "https://registry.npmjs.org/jsonfile/-/jsonfile-4.0.0.tgz",
      "integrity": "sha1-h3Gq4HmbZAdrdmQPygWPnBDjPss=",
      "dev": true,
      "requires": {
        "graceful-fs": "4.1.11"
      }
    },
    "latex-parser": {
      "version": "0.6.2",
      "resolved": "https://registry.npmjs.org/latex-parser/-/latex-parser-0.6.2.tgz",
      "integrity": "sha1-mFRmF6CYX7/nTxdrVIWm8QiOz44=",
      "requires": {
        "parsimmon": "1.6.2"
      }
    },
    "latex-to-unicode-converter": {
      "version": "0.5.0",
      "resolved": "https://registry.npmjs.org/latex-to-unicode-converter/-/latex-to-unicode-converter-0.5.0.tgz",
      "integrity": "sha1-bA6f6rhHSrYwsJjU9lYmPGolNeo=",
      "requires": {
        "latex-parser": "0.6.2"
      }
    },
    "mime-db": {
      "version": "1.38.0",
      "resolved": "https://registry.npmjs.org/mime-db/-/mime-db-1.38.0.tgz",
      "integrity": "sha512-bqVioMFFzc2awcdJZIzR3HjZFX20QhilVS7hytkKrv7xFAn8bM1gzc/FOX2awLISvWe0PV8ptFKcon+wZ5qYkg=="
    },
    "mime-types": {
      "version": "2.1.22",
      "resolved": "https://registry.npmjs.org/mime-types/-/mime-types-2.1.22.tgz",
      "integrity": "sha512-aGl6TZGnhm/li6F7yx82bJiBZwgiEa4Hf6CNr8YO+r5UHr53tSTYZb102zyU50DOWWKeOv0uQLRL0/9EiKWCog==",
      "requires": {
        "mime-db": "~1.38.0"
      }
    },
    "minimatch": {
      "version": "3.0.4",
      "resolved": "https://registry.npmjs.org/minimatch/-/minimatch-3.0.4.tgz",
      "integrity": "sha1-UWbihkV/AzBgZL5Ul+jbsMPTIIM=",
      "requires": {
        "brace-expansion": "1.1.8"
      }
    },
    "node-fetch": {
      "version": "1.7.3",
      "resolved": "https://registry.npmjs.org/node-fetch/-/node-fetch-1.7.3.tgz",
      "integrity": "sha512-NhZ4CsKx7cYm2vSrBAr2PvFOe6sWDf0UYLRqA6svUYg7+/TSfVAu49jYC4BvQ4Sms9SZgdqGBgroqfDhJdTyKQ==",
      "requires": {
        "encoding": "^0.1.11",
        "is-stream": "^1.0.1"
      }
    },
    "nodegit-promise": {
      "version": "4.0.0",
      "resolved": "https://registry.npmjs.org/nodegit-promise/-/nodegit-promise-4.0.0.tgz",
      "integrity": "sha1-VyKxhPLfcycWEGSnkdLoQskWezQ=",
      "requires": {
        "asap": "~2.0.3"
      }
    },
    "object-assign": {
      "version": "4.1.1",
      "resolved": "https://registry.npmjs.org/object-assign/-/object-assign-4.1.1.tgz",
      "integrity": "sha1-IQmtx5ZYh8/AXLvUQsrIv7s2CGM="
    },
    "once": {
      "version": "1.4.0",
      "resolved": "https://registry.npmjs.org/once/-/once-1.4.0.tgz",
      "integrity": "sha1-WDsap3WWHUsROsF9nFC6753Xa9E=",
      "requires": {
        "wrappy": "1.0.2"
      }
    },
    "parse-cache-control": {
      "version": "1.0.1",
      "resolved": "https://registry.npmjs.org/parse-cache-control/-/parse-cache-control-1.0.1.tgz",
      "integrity": "sha1-juqz5U+laSD+Fro493+iGqzC104="
    },
    "parsimmon": {
      "version": "1.6.2",
      "resolved": "https://registry.npmjs.org/parsimmon/-/parsimmon-1.6.2.tgz",
      "integrity": "sha512-bJNB0ZQhHyM5KqO2Z5ttQAVn/PZ2pccxaOnMcZ0Su7HA1Iv4GQTfUmzSZ6N3jcsCn9F68PZcypAvF3nDRRL+3g=="
    },
    "path-is-absolute": {
      "version": "1.0.1",
      "resolved": "https://registry.npmjs.org/path-is-absolute/-/path-is-absolute-1.0.1.tgz",
      "integrity": "sha1-F0uSaHNVNP+8es5r9TpanhtcX18="
    },
    "process-nextick-args": {
      "version": "2.0.0",
      "resolved": "https://registry.npmjs.org/process-nextick-args/-/process-nextick-args-2.0.0.tgz",
      "integrity": "sha512-MtEC1TqN0EU5nephaJ4rAtThHtC86dNN9qCuEhtshvpVBkAW5ZO7BASN9REnF9eoXGcRub+pFuKEpOHE+HbEMw=="
    },
    "promise": {
      "version": "8.0.3",
      "resolved": "https://registry.npmjs.org/promise/-/promise-8.0.3.tgz",
      "integrity": "sha512-HeRDUL1RJiLhyA0/grn+PTShlBAcLuh/1BJGtrvjwbvRDCTLLMEz9rOGCV+R3vHY4MixIuoMEd9Yq/XvsTPcjw==",
      "requires": {
        "asap": "~2.0.6"
      }
    },
    "promisify-node": {
      "version": "0.5.0",
      "resolved": "https://registry.npmjs.org/promisify-node/-/promisify-node-0.5.0.tgz",
      "integrity": "sha512-GR2E4qgCoKFTprhULqP2OP3bl8kHo16XtnqtkHH6be7tPW1yL6rXd15nl3oV2sLTFv1+j6tqoF69VVpFtJ/j+A==",
      "requires": {
        "nodegit-promise": "^4.0.0",
        "object-assign": "^4.1.1"
      }
    },
    "qs": {
      "version": "6.7.0",
      "resolved": "https://registry.npmjs.org/qs/-/qs-6.7.0.tgz",
      "integrity": "sha512-VCdBRNFTX1fyE7Nb6FYoURo/SPe62QCaAyzJvUjwRaIsc+NePBEniHlvxFmmX56+HZphIGtV0XeCirBtpDrTyQ=="
    },
    "readable-stream": {
      "version": "2.3.6",
      "resolved": "https://registry.npmjs.org/readable-stream/-/readable-stream-2.3.6.tgz",
      "integrity": "sha512-tQtKA9WIAhBF3+VLAseyMqZeBjW0AHJoxOtYqSUZNJxauErmLbVm2FW1y+J/YA9dUrAC39ITejlZWhVIwawkKw==",
      "requires": {
        "core-util-is": "~1.0.0",
        "inherits": "~2.0.3",
        "isarray": "~1.0.0",
        "process-nextick-args": "~2.0.0",
        "safe-buffer": "~5.1.1",
        "string_decoder": "~1.1.1",
        "util-deprecate": "~1.0.1"
      }
    },
    "safe-buffer": {
      "version": "5.1.2",
      "resolved": "https://registry.npmjs.org/safe-buffer/-/safe-buffer-5.1.2.tgz",
      "integrity": "sha512-Gd2UZBJDkXlY7GbJxfsE8/nvKkUEU1G38c1siN6QP6a9PT9MmHB8GnpscSmMJSoF8LOIrt8ud/wPtojys4G6+g=="
    },
    "safer-buffer": {
      "version": "2.1.2",
      "resolved": "https://registry.npmjs.org/safer-buffer/-/safer-buffer-2.1.2.tgz",
      "integrity": "sha512-YZo3K82SD7Riyi0E1EQPojLz7kpepnSQI9IyPbHHg1XXXevb5dJI7tpyN2ADxGcQbHG7vcyRHk0cbwqcQriUtg=="
    },
    "string_decoder": {
      "version": "1.1.1",
      "resolved": "https://registry.npmjs.org/string_decoder/-/string_decoder-1.1.1.tgz",
      "integrity": "sha512-n/ShnvDi6FHbbVfviro+WojiFzv+s8MPMHBczVePfUpDJLwoLT0ht1l4YwBCbi8pJAveEEdnkHyPyTP/mzRfwg==",
      "requires": {
        "safe-buffer": "~5.1.0"
      }
    },
    "sync-request": {
      "version": "5.0.0",
      "resolved": "https://registry.npmjs.org/sync-request/-/sync-request-5.0.0.tgz",
      "integrity": "sha512-NKhEA4WacR3mRBIFz1niXrIUTrUVFtP2spzrLMINangebvJ/EFyVv+LMJKvVl6UIrJM4Fburnnj91lRnqb4WkA==",
      "requires": {
        "http-response-object": "^3.0.1",
        "sync-rpc": "^1.2.0",
        "then-request": "^5.0.0"
      }
    },
    "sync-rpc": {
      "version": "1.3.4",
      "resolved": "https://registry.npmjs.org/sync-rpc/-/sync-rpc-1.3.4.tgz",
      "integrity": "sha512-Iug+t1ICVFenUcTnDu8WXFnT+k8IVoLKGh8VA3eXUtl2Rt9SjKX3YEv33OenABqpTPL9QEaHv1+CNn2LK8vMow==",
      "requires": {
        "get-port": "^3.1.0"
      }
    },
    "then-request": {
      "version": "5.0.0",
      "resolved": "https://registry.npmjs.org/then-request/-/then-request-5.0.0.tgz",
      "integrity": "sha512-A3uIVLD33SAvB10PfsxLuQBMV8GVC/6xKBMPOvkJchi6251e5AMJ+Yy+RVKsVsnj0iYNhN2E5SkNSi58H19wsw==",
      "requires": {
        "@types/concat-stream": "^1.6.0",
        "@types/form-data": "0.0.33",
        "@types/node": "^8.0.0",
        "@types/qs": "^6.2.31",
        "caseless": "~0.12.0",
        "concat-stream": "^1.6.0",
        "form-data": "^2.2.0",
        "http-basic": "^6.0.0",
        "http-response-object": "^3.0.1",
        "promise": "^8.0.0",
        "qs": "^6.4.0"
      },
      "dependencies": {
        "@types/node": {
          "version": "8.10.45",
          "resolved": "https://registry.npmjs.org/@types/node/-/node-8.10.45.tgz",
          "integrity": "sha512-tGVTbA+i3qfXsLbq9rEq/hezaHY55QxQLeXQL2ejNgFAxxrgu8eMmYIOsRcl7hN1uTLVsKOOYacV/rcJM3sfgQ=="
        }
      }
    },
    "typedarray": {
      "version": "0.0.6",
      "resolved": "https://registry.npmjs.org/typedarray/-/typedarray-0.0.6.tgz",
      "integrity": "sha1-hnrHTjhkGHsdPUfZlqeOxciDB3c="
    },
    "universalify": {
      "version": "0.1.1",
      "resolved": "https://registry.npmjs.org/universalify/-/universalify-0.1.1.tgz",
      "integrity": "sha1-+nG63UQ3r0wUiEHjs7Fl+enlkLc=",
      "dev": true
    },
    "util-deprecate": {
      "version": "1.0.2",
      "resolved": "https://registry.npmjs.org/util-deprecate/-/util-deprecate-1.0.2.tgz",
      "integrity": "sha1-RQ1Nyfpw3nMnYvvS1KKJgUGaDM8="
    },
    "whatwg-fetch": {
      "version": "3.0.0",
      "resolved": "https://registry.npmjs.org/whatwg-fetch/-/whatwg-fetch-3.0.0.tgz",
      "integrity": "sha512-9GSJUgz1D4MfyKU7KRqwOjXCXTqWdFNvEr7eUBYchQiVc744mqK/MzXPNR2WsPkmkOa4ywfg8C2n8h+13Bey1Q=="
    },
    "wikidata-sdk": {
      "version": "6.3.0",
      "resolved": "https://registry.npmjs.org/wikidata-sdk/-/wikidata-sdk-6.3.0.tgz",
      "integrity": "sha512-BkGColCZJUULRDLN2GKu2QWvSQ6bVvNBjI/n+fnQmQLqScSXdokVCkMPdK6EgtK1MYEMTFrIBCVKOPLH0jSxFA=="
    },
    "wrappy": {
      "version": "1.0.2",
      "resolved": "https://registry.npmjs.org/wrappy/-/wrappy-1.0.2.tgz",
      "integrity": "sha1-tSQ9jz7BqjXxNkYFvA0QNuMKtp8="
    }
  }
}
